{
  "name": "javascript-2-afternoon-3-hanur92",
  "version": "1.0.0",
  "lockfileVersion": 2,
  "requires": true,
  "packages": {
    "": {
      "version": "1.0.0",
      "license": "ISC",
      "dependencies": {
        "@types/jasmine": "^3.6.4"
      },
      "devDependencies": {
        "typescript": "^4.2.2"
      }
    },
    "node_modules/@types/jasmine": {
      "version": "3.6.4",
      "resolved": "https://registry.npmjs.org/@types/jasmine/-/jasmine-3.6.4.tgz",
      "integrity": "sha512-CTdMERA4iGNcxeqzD7pavb4WLIFq6bGnx6nIJD+1D4Knx24GE6QBPrWVhO8UlIy7gf7rbIt3ZD7iIzryRD2TgA=="
    },
    "node_modules/typescript": {
      "version": "4.2.2",
      "resolved": "https://registry.npmjs.org/typescript/-/typescript-4.2.2.tgz",
      "integrity": "sha512-tbb+NVrLfnsJy3M59lsDgrzWIflR4d4TIUjz+heUnHZwdF7YsrMTKoRERiIvI2lvBG95dfpLxB21WZhys1bgaQ==",
      "dev": true,
      "bin": {
        "tsc": "bin/tsc",
        "tsserver": "bin/tsserver"
      },
      "engines": {
        "node": ">=4.2.0"
      }
    }
  },
  "dependencies": {
    "@types/jasmine": {
      "version": "3.6.4",
      "resolved": "https://registry.npmjs.org/@types/jasmine/-/jasmine-3.6.4.tgz",
      "integrity": "sha512-CTdMERA4iGNcxeqzD7pavb4WLIFq6bGnx6nIJD+1D4Knx24GE6QBPrWVhO8UlIy7gf7rbIt3ZD7iIzryRD2TgA=="
    },
    "typescript": {
      "version": "4.2.2",
      "resolved": "https://registry.npmjs.org/typescript/-/typescript-4.2.2.tgz",
      "integrity": "sha512-tbb+NVrLfnsJy3M59lsDgrzWIflR4d4TIUjz+heUnHZwdF7YsrMTKoRERiIvI2lvBG95dfpLxB21WZhys1bgaQ==",
      "dev": true
    }
  }
}
